
Microsoft Visual Studio Solution File, Format Version 12.00
# Visual Studio 15
VisualStudioVersion = 15.0.28307.1622
MinimumVisualStudioVersion = 10.0.40219.1
Project("{FAE04EC0-301F-11D3-BF4B-00C04F79EFBC}") = "TestCSharpBasics", "TestBasics\TestCSharpBasics.csproj", "{511DF0F7-2AE3-4764-98BA-5805EA761B94}"
EndProject
Project("{8BC9CEB8-8B4A-11D0-8D11-00A0C91BC942}") = "TestCppBasics", "TestCppBasics\TestCppBasics.vcxproj", "{3BAAAB44-1092-4F12-A2E5-A5DADCA6CB4A}"
EndProject
Project("{FAE04EC0-301F-11D3-BF4B-00C04F79EFBC}") = "TestEmbbedExe", "TestEmbbedExe\TestEmbbedExe.csproj", "{8D95DC92-46C9-4B2B-9AE3-0A839DD99E72}"
EndProject
Project("{FAE04EC0-301F-11D3-BF4B-00C04F79EFBC}") = "TestWebkitBrowser", "TestWebkitBrowser\TestWebkitBrowser.csproj", "{F008E124-78CA-40AE-94BD-0341D785EAB2}"
EndProject
Project("{FAE04EC0-301F-11D3-BF4B-00C04F79EFBC}") = "MainExe", "MainExe\MainExe.csproj", "{94EE61F2-06A3-4008-82EF-336CFF714579}"
EndProject
Project("{FAE04EC0-301F-11D3-BF4B-00C04F79EFBC}") = "AppControl", "AppControl\AppControl.csproj", "{E6F601C0-72FA-4512-B3C8-95334B951779}"
EndProject
Project("{FAE04EC0-301F-11D3-BF4B-00C04F79EFBC}") = "MainApp", "MainApp\MainApp.csproj", "{83CE936D-CF5F-4A99-8BA7-BA65358F305C}"
EndProject
Project("{FAE04EC0-301F-11D3-BF4B-00C04F79EFBC}") = "CSharpReadExcelFile", "CSharpReadExcelFile\CSharpReadExcelFile.csproj", "{027E0E73-D177-4CD7-8BFC-FFD1634F8D44}"
EndProject
Project("{FAE04EC0-301F-11D3-BF4B-00C04F79EFBC}") = "TestGrpcBySharp", "TestGrpcBySharp\TestGrpcBySharp.csproj", "{D8F67CF6-8915-48AB-B4DD-BE9053739F7E}"
EndProject
Project("{FAE04EC0-301F-11D3-BF4B-00C04F79EFBC}") = "CloudServerMonitor", "CloudServerMonitor\CloudServerMonitor.csproj", "{3F72706C-0272-4FC9-9B54-BF6D5D89FC5C}"
EndProject
Project("{FAE04EC0-301F-11D3-BF4B-00C04F79EFBC}") = "TestCSharpThreading", "TestCSharpThreading\TestCSharpThreading.csproj", "{EB43725B-54FE-499A-9BF8-70FCC3C965DD}"
EndProject
Project("{FAE04EC0-301F-11D3-BF4B-00C04F79EFBC}") = "TestLog4Net", "TestLog4Net\TestLog4Net.csproj", "{786E38FD-624D-47C0-8A1C-D872189CE38D}"
EndProject
Project("{8BC9CEB8-8B4A-11D0-8D11-00A0C91BC942}") = "Cpp播放器与状态模式", "Cpp播放器与状态模式\Cpp播放器与状态模式.vcxproj", "{1FE2C82D-86E5-4C95-9FF1-AD8FF99FB4D8}"
EndProject
Global
	GlobalSection(SolutionConfigurationPlatforms) = preSolution
		Debug|Any CPU = Debug|Any CPU
		Debug|x64 = Debug|x64
		Debug|x86 = Debug|x86
		Release|Any CPU = Release|Any CPU
		Release|x64 = Release|x64
		Release|x86 = Release|x86
	EndGlobalSection
	GlobalSection(ProjectConfigurationPlatforms) = postSolution
		{511DF0F7-2AE3-4764-98BA-5805EA761B94}.Debug|Any CPU.ActiveCfg = Debug|Any CPU
		{511DF0F7-2AE3-4764-98BA-5805EA761B94}.Debug|Any CPU.Build.0 = Debug|Any CPU
		{511DF0F7-2AE3-4764-98BA-5805EA761B94}.Debug|x64.ActiveCfg = Debug|x64
		{511DF0F7-2AE3-4764-98BA-5805EA761B94}.Debug|x64.Build.0 = Debug|x64
		{511DF0F7-2AE3-4764-98BA-5805EA761B94}.Debug|x86.ActiveCfg = Debug|Any CPU
		{511DF0F7-2AE3-4764-98BA-5805EA761B94}.Debug|x86.Build.0 = Debug|Any CPU
		{511DF0F7-2AE3-4764-98BA-5805EA761B94}.Release|Any CPU.ActiveCfg = Release|Any CPU
		{511DF0F7-2AE3-4764-98BA-5805EA761B94}.Release|Any CPU.Build.0 = Release|Any CPU
		{511DF0F7-2AE3-4764-98BA-5805EA761B94}.Release|x64.ActiveCfg = Release|Any CPU
		{511DF0F7-2AE3-4764-98BA-5805EA761B94}.Release|x64.Build.0 = Release|Any CPU
		{511DF0F7-2AE3-4764-98BA-5805EA761B94}.Release|x86.ActiveCfg = Release|Any CPU
		{511DF0F7-2AE3-4764-98BA-5805EA761B94}.Release|x86.Build.0 = Release|Any CPU
		{3BAAAB44-1092-4F12-A2E5-A5DADCA6CB4A}.Debug|Any CPU.ActiveCfg = Debug|Win32
		{3BAAAB44-1092-4F12-A2E5-A5DADCA6CB4A}.Debug|x64.ActiveCfg = Debug|x64
		{3BAAAB44-1092-4F12-A2E5-A5DADCA6CB4A}.Debug|x64.Build.0 = Debug|x64
		{3BAAAB44-1092-4F12-A2E5-A5DADCA6CB4A}.Debug|x86.ActiveCfg = Debug|Win32
		{3BAAAB44-1092-4F12-A2E5-A5DADCA6CB4A}.Debug|x86.Build.0 = Debug|Win32
		{3BAAAB44-1092-4F12-A2E5-A5DADCA6CB4A}.Release|Any CPU.ActiveCfg = Release|Win32
		{3BAAAB44-1092-4F12-A2E5-A5DADCA6CB4A}.Release|x64.ActiveCfg = Release|x64
		{3BAAAB44-1092-4F12-A2E5-A5DADCA6CB4A}.Release|x64.Build.0 = Release|x64
		{3BAAAB44-1092-4F12-A2E5-A5DADCA6CB4A}.Release|x86.ActiveCfg = Release|Win32
		{3BAAAB44-1092-4F12-A2E5-A5DADCA6CB4A}.Release|x86.Build.0 = Release|Win32
		{8D95DC92-46C9-4B2B-9AE3-0A839DD99E72}.Debug|Any CPU.ActiveCfg = Debug|Any CPU
		{8D95DC92-46C9-4B2B-9AE3-0A839DD99E72}.Debug|Any CPU.Build.0 = Debug|Any CPU
		{8D95DC92-46C9-4B2B-9AE3-0A839DD99E72}.Debug|x64.ActiveCfg = Debug|x64
		{8D95DC92-46C9-4B2B-9AE3-0A839DD99E72}.Debug|x64.Build.0 = Debug|x64
		{8D95DC92-46C9-4B2B-9AE3-0A839DD99E72}.Debug|x86.ActiveCfg = Debug|Any CPU
		{8D95DC92-46C9-4B2B-9AE3-0A839DD99E72}.Debug|x86.Build.0 = Debug|Any CPU
		{8D95DC92-46C9-4B2B-9AE3-0A839DD99E72}.Release|Any CPU.ActiveCfg = Release|Any CPU
		{8D95DC92-46C9-4B2B-9AE3-0A839DD99E72}.Release|Any CPU.Build.0 = Release|Any CPU
		{8D95DC92-46C9-4B2B-9AE3-0A839DD99E72}.Release|x64.ActiveCfg = Release|Any CPU
		{8D95DC92-46C9-4B2B-9AE3-0A839DD99E72}.Release|x64.Build.0 = Release|Any CPU
		{8D95DC92-46C9-4B2B-9AE3-0A839DD99E72}.Release|x86.ActiveCfg = Release|Any CPU
		{8D95DC92-46C9-4B2B-9AE3-0A839DD99E72}.Release|x86.Build.0 = Release|Any CPU
		{F008E124-78CA-40AE-94BD-0341D785EAB2}.Debug|Any CPU.ActiveCfg = Debug|Any CPU
		{F008E124-78CA-40AE-94BD-0341D785EAB2}.Debug|Any CPU.Build.0 = Debug|Any CPU
		{F008E124-78CA-40AE-94BD-0341D785EAB2}.Debug|x64.ActiveCfg = Debug|Any CPU
		{F008E124-78CA-40AE-94BD-0341D785EAB2}.Debug|x64.Build.0 = Debug|Any CPU
		{F008E124-78CA-40AE-94BD-0341D785EAB2}.Debug|x86.ActiveCfg = Debug|Any CPU
		{F008E124-78CA-40AE-94BD-0341D785EAB2}.Debug|x86.Build.0 = Debug|Any CPU
		{F008E124-78CA-40AE-94BD-0341D785EAB2}.Release|Any CPU.ActiveCfg = Release|Any CPU
		{F008E124-78CA-40AE-94BD-0341D785EAB2}.Release|Any CPU.Build.0 = Release|Any CPU
		{F008E124-78CA-40AE-94BD-0341D785EAB2}.Release|x64.ActiveCfg = Release|Any CPU
		{F008E124-78CA-40AE-94BD-0341D785EAB2}.Release|x64.Build.0 = Release|Any CPU
		{F008E124-78CA-40AE-94BD-0341D785EAB2}.Release|x86.ActiveCfg = Release|Any CPU
		{F008E124-78CA-40AE-94BD-0341D785EAB2}.Release|x86.Build.0 = Release|Any CPU
		{94EE61F2-06A3-4008-82EF-336CFF714579}.Debug|Any CPU.ActiveCfg = Debug|Any CPU
		{94EE61F2-06A3-4008-82EF-336CFF714579}.Debug|Any CPU.Build.0 = Debug|Any CPU
		{94EE61F2-06A3-4008-82EF-336CFF714579}.Debug|x64.ActiveCfg = Debug|Any CPU
		{94EE61F2-06A3-4008-82EF-336CFF714579}.Debug|x64.Build.0 = Debug|Any CPU
		{94EE61F2-06A3-4008-82EF-336CFF714579}.Debug|x86.ActiveCfg = Debug|Any CPU
		{94EE61F2-06A3-4008-82EF-336CFF714579}.Debug|x86.Build.0 = Debug|Any CPU
		{94EE61F2-06A3-4008-82EF-336CFF714579}.Release|Any CPU.ActiveCfg = Release|Any CPU
		{94EE61F2-06A3-4008-82EF-336CFF714579}.Release|Any CPU.Build.0 = Release|Any CPU
		{94EE61F2-06A3-4008-82EF-336CFF714579}.Release|x64.ActiveCfg = Release|Any CPU
		{94EE61F2-06A3-4008-82EF-336CFF714579}.Release|x64.Build.0 = Release|Any CPU
		{94EE61F2-06A3-4008-82EF-336CFF714579}.Release|x86.ActiveCfg = Release|Any CPU
		{94EE61F2-06A3-4008-82EF-336CFF714579}.Release|x86.Build.0 = Release|Any CPU
		{E6F601C0-72FA-4512-B3C8-95334B951779}.Debug|Any CPU.ActiveCfg = Debug|Any CPU
		{E6F601C0-72FA-4512-B3C8-95334B951779}.Debug|Any CPU.Build.0 = Debug|Any CPU
		{E6F601C0-72FA-4512-B3C8-95334B951779}.Debug|x64.ActiveCfg = Debug|Any CPU
		{E6F601C0-72FA-4512-B3C8-95334B951779}.Debug|x64.Build.0 = Debug|Any CPU
		{E6F601C0-72FA-4512-B3C8-95334B951779}.Debug|x86.ActiveCfg = Debug|Any CPU
		{E6F601C0-72FA-4512-B3C8-95334B951779}.Debug|x86.Build.0 = Debug|Any CPU
		{E6F601C0-72FA-4512-B3C8-95334B951779}.Release|Any CPU.ActiveCfg = Release|Any CPU
		{E6F601C0-72FA-4512-B3C8-95334B951779}.Release|Any CPU.Build.0 = Release|Any CPU
		{E6F601C0-72FA-4512-B3C8-95334B951779}.Release|x64.ActiveCfg = Release|Any CPU
		{E6F601C0-72FA-4512-B3C8-95334B951779}.Release|x64.Build.0 = Release|Any CPU
		{E6F601C0-72FA-4512-B3C8-95334B951779}.Release|x86.ActiveCfg = Release|Any CPU
		{E6F601C0-72FA-4512-B3C8-95334B951779}.Release|x86.Build.0 = Release|Any CPU
		{83CE936D-CF5F-4A99-8BA7-BA65358F305C}.Debug|Any CPU.ActiveCfg = Debug|Any CPU
		{83CE936D-CF5F-4A99-8BA7-BA65358F305C}.Debug|Any CPU.Build.0 = Debug|Any CPU
		{83CE936D-CF5F-4A99-8BA7-BA65358F305C}.Debug|x64.ActiveCfg = Debug|Any CPU
		{83CE936D-CF5F-4A99-8BA7-BA65358F305C}.Debug|x64.Build.0 = Debug|Any CPU
		{83CE936D-CF5F-4A99-8BA7-BA65358F305C}.Debug|x86.ActiveCfg = Debug|Any CPU
		{83CE936D-CF5F-4A99-8BA7-BA65358F305C}.Debug|x86.Build.0 = Debug|Any CPU
		{83CE936D-CF5F-4A99-8BA7-BA65358F305C}.Release|Any CPU.ActiveCfg = Release|Any CPU
		{83CE936D-CF5F-4A99-8BA7-BA65358F305C}.Release|Any CPU.Build.0 = Release|Any CPU
		{83CE936D-CF5F-4A99-8BA7-BA65358F305C}.Release|x64.ActiveCfg = Release|Any CPU
		{83CE936D-CF5F-4A99-8BA7-BA65358F305C}.Release|x64.Build.0 = Release|Any CPU
		{83CE936D-CF5F-4A99-8BA7-BA65358F305C}.Release|x86.ActiveCfg = Release|Any CPU
		{83CE936D-CF5F-4A99-8BA7-BA65358F305C}.Release|x86.Build.0 = Release|Any CPU
		{027E0E73-D177-4CD7-8BFC-FFD1634F8D44}.Debug|Any CPU.ActiveCfg = Debug|Any CPU
		{027E0E73-D177-4CD7-8BFC-FFD1634F8D44}.Debug|Any CPU.Build.0 = Debug|Any CPU
		{027E0E73-D177-4CD7-8BFC-FFD1634F8D44}.Debug|x64.ActiveCfg = Debug|Any CPU
		{027E0E73-D177-4CD7-8BFC-FFD1634F8D44}.Debug|x64.Build.0 = Debug|Any CPU
		{027E0E73-D177-4CD7-8BFC-FFD1634F8D44}.Debug|x86.ActiveCfg = Debug|Any CPU
		{027E0E73-D177-4CD7-8BFC-FFD1634F8D44}.Debug|x86.Build.0 = Debug|Any CPU
		{027E0E73-D177-4CD7-8BFC-FFD1634F8D44}.Release|Any CPU.ActiveCfg = Release|Any CPU
		{027E0E73-D177-4CD7-8BFC-FFD1634F8D44}.Release|Any CPU.Build.0 = Release|Any CPU
		{027E0E73-D177-4CD7-8BFC-FFD1634F8D44}.Release|x64.ActiveCfg = Release|Any CPU
		{027E0E73-D177-4CD7-8BFC-FFD1634F8D44}.Release|x64.Build.0 = Release|Any CPU
		{027E0E73-D177-4CD7-8BFC-FFD1634F8D44}.Release|x86.ActiveCfg = Release|Any CPU
		{027E0E73-D177-4CD7-8BFC-FFD1634F8D44}.Release|x86.Build.0 = Release|Any CPU
		{D8F67CF6-8915-48AB-B4DD-BE9053739F7E}.Debug|Any CPU.ActiveCfg = Debug|Any CPU
		{D8F67CF6-8915-48AB-B4DD-BE9053739F7E}.Debug|Any CPU.Build.0 = Debug|Any CPU
		{D8F67CF6-8915-48AB-B4DD-BE9053739F7E}.Debug|x64.ActiveCfg = Debug|Any CPU
		{D8F67CF6-8915-48AB-B4DD-BE9053739F7E}.Debug|x64.Build.0 = Debug|Any CPU
		{D8F67CF6-8915-48AB-B4DD-BE9053739F7E}.Debug|x86.ActiveCfg = Debug|Any CPU
		{D8F67CF6-8915-48AB-B4DD-BE9053739F7E}.Debug|x86.Build.0 = Debug|Any CPU
		{D8F67CF6-8915-48AB-B4DD-BE9053739F7E}.Release|Any CPU.ActiveCfg = Release|Any CPU
		{D8F67CF6-8915-48AB-B4DD-BE9053739F7E}.Release|Any CPU.Build.0 = Release|Any CPU
		{D8F67CF6-8915-48AB-B4DD-BE9053739F7E}.Release|x64.ActiveCfg = Release|Any CPU
		{D8F67CF6-8915-48AB-B4DD-BE9053739F7E}.Release|x64.Build.0 = Release|Any CPU
		{D8F67CF6-8915-48AB-B4DD-BE9053739F7E}.Release|x86.ActiveCfg = Release|Any CPU
		{D8F67CF6-8915-48AB-B4DD-BE9053739F7E}.Release|x86.Build.0 = Release|Any CPU
		{3F72706C-0272-4FC9-9B54-BF6D5D89FC5C}.Debug|Any CPU.ActiveCfg = Debug|Any CPU
		{3F72706C-0272-4FC9-9B54-BF6D5D89FC5C}.Debug|Any CPU.Build.0 = Debug|Any CPU
		{3F72706C-0272-4FC9-9B54-BF6D5D89FC5C}.Debug|x64.ActiveCfg = Debug|Any CPU
		{3F72706C-0272-4FC9-9B54-BF6D5D89FC5C}.Debug|x64.Build.0 = Debug|Any CPU
		{3F72706C-0272-4FC9-9B54-BF6D5D89FC5C}.Debug|x86.ActiveCfg = Debug|Any CPU
		{3F72706C-0272-4FC9-9B54-BF6D5D89FC5C}.Debug|x86.Build.0 = Debug|Any CPU
		{3F72706C-0272-4FC9-9B54-BF6D5D89FC5C}.Release|Any CPU.ActiveCfg = Release|Any CPU
		{3F72706C-0272-4FC9-9B54-BF6D5D89FC5C}.Release|Any CPU.Build.0 = Release|Any CPU
		{3F72706C-0272-4FC9-9B54-BF6D5D89FC5C}.Release|x64.ActiveCfg = Release|x64
		{3F72706C-0272-4FC9-9B54-BF6D5D89FC5C}.Release|x64.Build.0 = Release|x64
		{3F72706C-0272-4FC9-9B54-BF6D5D89FC5C}.Release|x86.ActiveCfg = Release|Any CPU
		{3F72706C-0272-4FC9-9B54-BF6D5D89FC5C}.Release|x86.Build.0 = Release|Any CPU
		{EB43725B-54FE-499A-9BF8-70FCC3C965DD}.Debug|Any CPU.ActiveCfg = Debug|Any CPU
		{EB43725B-54FE-499A-9BF8-70FCC3C965DD}.Debug|Any CPU.Build.0 = Debug|Any CPU
		{EB43725B-54FE-499A-9BF8-70FCC3C965DD}.Debug|x64.ActiveCfg = Debug|Any CPU
		{EB43725B-54FE-499A-9BF8-70FCC3C965DD}.Debug|x64.Build.0 = Debug|Any CPU
		{EB43725B-54FE-499A-9BF8-70FCC3C965DD}.Debug|x86.ActiveCfg = Debug|Any CPU
		{EB43725B-54FE-499A-9BF8-70FCC3C965DD}.Debug|x86.Build.0 = Debug|Any CPU
		{EB43725B-54FE-499A-9BF8-70FCC3C965DD}.Release|Any CPU.ActiveCfg = Release|Any CPU
		{EB43725B-54FE-499A-9BF8-70FCC3C965DD}.Release|Any CPU.Build.0 = Release|Any CPU
		{EB43725B-54FE-499A-9BF8-70FCC3C965DD}.Release|x64.ActiveCfg = Release|Any CPU
		{EB43725B-54FE-499A-9BF8-70FCC3C965DD}.Release|x64.Build.0 = Release|Any CPU
		{EB43725B-54FE-499A-9BF8-70FCC3C965DD}.Release|x86.ActiveCfg = Release|Any CPU
		{EB43725B-54FE-499A-9BF8-70FCC3C965DD}.Release|x86.Build.0 = Release|Any CPU
		{786E38FD-624D-47C0-8A1C-D872189CE38D}.Debug|Any CPU.ActiveCfg = Debug|Any CPU
		{786E38FD-624D-47C0-8A1C-D872189CE38D}.Debug|Any CPU.Build.0 = Debug|Any CPU
		{786E38FD-624D-47C0-8A1C-D872189CE38D}.Debug|x64.ActiveCfg = Debug|Any CPU
		{786E38FD-624D-47C0-8A1C-D872189CE38D}.Debug|x64.Build.0 = Debug|Any CPU
		{786E38FD-624D-47C0-8A1C-D872189CE38D}.Debug|x86.ActiveCfg = Debug|Any CPU
		{786E38FD-624D-47C0-8A1C-D872189CE38D}.Debug|x86.Build.0 = Debug|Any CPU
		{786E38FD-624D-47C0-8A1C-D872189CE38D}.Release|Any CPU.ActiveCfg = Release|Any CPU
		{786E38FD-624D-47C0-8A1C-D872189CE38D}.Release|Any CPU.Build.0 = Release|Any CPU
		{786E38FD-624D-47C0-8A1C-D872189CE38D}.Release|x64.ActiveCfg = Release|Any CPU
		{786E38FD-624D-47C0-8A1C-D872189CE38D}.Release|x64.Build.0 = Release|Any CPU
		{786E38FD-624D-47C0-8A1C-D872189CE38D}.Release|x86.ActiveCfg = Release|Any CPU
		{786E38FD-624D-47C0-8A1C-D872189CE38D}.Release|x86.Build.0 = Release|Any CPU
		{1FE2C82D-86E5-4C95-9FF1-AD8FF99FB4D8}.Debug|Any CPU.ActiveCfg = Debug|Win32
		{1FE2C82D-86E5-4C95-9FF1-AD8FF99FB4D8}.Debug|x64.ActiveCfg = Debug|x64
		{1FE2C82D-86E5-4C95-9FF1-AD8FF99FB4D8}.Debug|x64.Build.0 = Debug|x64
		{1FE2C82D-86E5-4C95-9FF1-AD8FF99FB4D8}.Debug|x86.ActiveCfg = Debug|Win32
		{1FE2C82D-86E5-4C95-9FF1-AD8FF99FB4D8}.Debug|x86.Build.0 = Debug|Win32
		{1FE2C82D-86E5-4C95-9FF1-AD8FF99FB4D8}.Release|Any CPU.ActiveCfg = Release|Win32
		{1FE2C82D-86E5-4C95-9FF1-AD8FF99FB4D8}.Release|x64.ActiveCfg = Release|x64
		{1FE2C82D-86E5-4C95-9FF1-AD8FF99FB4D8}.Release|x64.Build.0 = Release|x64
		{1FE2C82D-86E5-4C95-9FF1-AD8FF99FB4D8}.Release|x86.ActiveCfg = Release|Win32
		{1FE2C82D-86E5-4C95-9FF1-AD8FF99FB4D8}.Release|x86.Build.0 = Release|Win32
	EndGlobalSection
	GlobalSection(SolutionProperties) = preSolution
		HideSolutionNode = FALSE
	EndGlobalSection
	GlobalSection(ExtensibilityGlobals) = postSolution
		SolutionGuid = {73BA7E09-8A06-402C-A3C1-C5D22306FAF8}
	EndGlobalSection
EndGlobal
